
Microsoft Visual Studio Solution File, Format Version 12.00
# Visual Studio Version 16
VisualStudioVersion = 16.0.30309.148
MinimumVisualStudioVersion = 10.0.40219.1
Project("{9A19103F-16F7-4668-BE54-9A1E7A4F7556}") = "DiscordBot.Console", "DiscordBot.Console\DiscordBot.Console.csproj", "{E29C0306-20A2-4DBC-A6A0-0F6C162E7A8E}"
EndProject
Project("{9A19103F-16F7-4668-BE54-9A1E7A4F7556}") = "DiscordBot.Core", "DiscordBot.Core\DiscordBot.Core.csproj", "{2E158E73-BF9A-4BF4-A54E-22AFD483B44F}"
EndProject
Global
	GlobalSection(SolutionConfigurationPlatforms) = preSolution
		Debug|Any CPU = Debug|Any CPU
		Release|Any CPU = Release|Any CPU
	EndGlobalSection
	GlobalSection(ProjectConfigurationPlatforms) = postSolution
		{E29C0306-20A2-4DBC-A6A0-0F6C162E7A8E}.Debug|Any CPU.ActiveCfg = Debug|Any CPU
		{E29C0306-20A2-4DBC-A6A0-0F6C162E7A8E}.Debug|Any CPU.Build.0 = Debug|Any CPU
		{E29C0306-20A2-4DBC-A6A0-0F6C162E7A8E}.Release|Any CPU.ActiveCfg = Release|Any CPU
		{E29C0306-20A2-4DBC-A6A0-0F6C162E7A8E}.Release|Any CPU.Build.0 = Release|Any CPU
		{2E158E73-BF9A-4BF4-A54E-22AFD483B44F}.Debug|Any CPU.ActiveCfg = Debug|Any CPU
		{2E158E73-BF9A-4BF4-A54E-22AFD483B44F}.Debug|Any CPU.Build.0 = Debug|Any CPU
		{2E158E73-BF9A-4BF4-A54E-22AFD483B44F}.Release|Any CPU.ActiveCfg = Release|Any CPU
		{2E158E73-BF9A-4BF4-A54E-22AFD483B44F}.Release|Any CPU.Build.0 = Release|Any CPU
	EndGlobalSection
	GlobalSection(SolutionProperties) = preSolution
		HideSolutionNode = FALSE
	EndGlobalSection
	GlobalSection(ExtensibilityGlobals) = postSolution
		SolutionGuid = {824136B5-FD37-40B9-8F92-8F809D117255}
	EndGlobalSection
EndGlobal
